
Microsoft Visual Studio Solution File, Format Version 12.00
# Visual Studio Version 17
VisualStudioVersion = 17.10.34928.147
MinimumVisualStudioVersion = 10.0.40219.1
Project("{9A19103F-16F7-4668-BE54-9A1E7A4F7556}") = "Domain", "Domain\Domain.csproj", "{36066CA9-D297-4C93-BDD3-6AA8CD824875}"
EndProject
Project("{9A19103F-16F7-4668-BE54-9A1E7A4F7556}") = "Infrastructure", "Infrastructure\Infrastructure.csproj", "{FDB80F0E-BB0E-4E63-B5B4-5D7A5963753E}"
EndProject
Project("{FAE04EC0-301F-11D3-BF4B-00C04F79EFBC}") = "WinFormClient", "WinFormClient\WinFormClient.csproj", "{7B896214-D59B-4A4F-A2F4-D5E4FE91CD50}"
EndProject
Global
	GlobalSection(SolutionConfigurationPlatforms) = preSolution
		Debug|Any CPU = Debug|Any CPU
		Release|Any CPU = Release|Any CPU
	EndGlobalSection
	GlobalSection(ProjectConfigurationPlatforms) = postSolution
		{36066CA9-D297-4C93-BDD3-6AA8CD824875}.Debug|Any CPU.ActiveCfg = Debug|Any CPU
		{36066CA9-D297-4C93-BDD3-6AA8CD824875}.Debug|Any CPU.Build.0 = Debug|Any CPU
		{36066CA9-D297-4C93-BDD3-6AA8CD824875}.Release|Any CPU.ActiveCfg = Release|Any CPU
		{36066CA9-D297-4C93-BDD3-6AA8CD824875}.Release|Any CPU.Build.0 = Release|Any CPU
		{FDB80F0E-BB0E-4E63-B5B4-5D7A5963753E}.Debug|Any CPU.ActiveCfg = Debug|Any CPU
		{FDB80F0E-BB0E-4E63-B5B4-5D7A5963753E}.Debug|Any CPU.Build.0 = Debug|Any CPU
		{FDB80F0E-BB0E-4E63-B5B4-5D7A5963753E}.Release|Any CPU.ActiveCfg = Release|Any CPU
		{FDB80F0E-BB0E-4E63-B5B4-5D7A5963753E}.Release|Any CPU.Build.0 = Release|Any CPU
		{7B896214-D59B-4A4F-A2F4-D5E4FE91CD50}.Debug|Any CPU.ActiveCfg = Debug|Any CPU
		{7B896214-D59B-4A4F-A2F4-D5E4FE91CD50}.Debug|Any CPU.Build.0 = Debug|Any CPU
		{7B896214-D59B-4A4F-A2F4-D5E4FE91CD50}.Release|Any CPU.ActiveCfg = Release|Any CPU
		{7B896214-D59B-4A4F-A2F4-D5E4FE91CD50}.Release|Any CPU.Build.0 = Release|Any CPU
	EndGlobalSection
	GlobalSection(SolutionProperties) = preSolution
		HideSolutionNode = FALSE
	EndGlobalSection
	GlobalSection(ExtensibilityGlobals) = postSolution
		SolutionGuid = {9633451F-5CB9-401A-B9AB-CBC3F683C755}
	EndGlobalSection
EndGlobal
